
Microsoft Visual Studio Solution File, Format Version 12.00
# Visual Studio 15
VisualStudioVersion = 15.0.27428.2037
MinimumVisualStudioVersion = 10.0.40219.1
Project("{8BC9CEB8-8B4A-11D0-8D11-00A0C91BC942}") = "ZxEmuWnd", "ZxEmuWnd\ZxEmuWnd.vcxproj", "{23F93F2C-5092-427C-811A-B1A7EAA0E72F}"
EndProject
Global
	GlobalSection(SolutionConfigurationPlatforms) = preSolution
		Debug|x64 = Debug|x64
		Debug|x86 = Debug|x86
		Release|x64 = Release|x64
		Release|x86 = Release|x86
	EndGlobalSection
	GlobalSection(ProjectConfigurationPlatforms) = postSolution
		{23F93F2C-5092-427C-811A-B1A7EAA0E72F}.Debug|x64.ActiveCfg = Debug|x64
		{23F93F2C-5092-427C-811A-B1A7EAA0E72F}.Debug|x64.Build.0 = Debug|x64
		{23F93F2C-5092-427C-811A-B1A7EAA0E72F}.Debug|x86.ActiveCfg = Debug|Win32
		{23F93F2C-5092-427C-811A-B1A7EAA0E72F}.Debug|x86.Build.0 = Debug|Win32
		{23F93F2C-5092-427C-811A-B1A7EAA0E72F}.Release|x64.ActiveCfg = Release|x64
		{23F93F2C-5092-427C-811A-B1A7EAA0E72F}.Release|x64.Build.0 = Release|x64
		{23F93F2C-5092-427C-811A-B1A7EAA0E72F}.Release|x86.ActiveCfg = Release|Win32
		{23F93F2C-5092-427C-811A-B1A7EAA0E72F}.Release|x86.Build.0 = Release|Win32
	EndGlobalSection
	GlobalSection(SolutionProperties) = preSolution
		HideSolutionNode = FALSE
	EndGlobalSection
	GlobalSection(ExtensibilityGlobals) = postSolution
		SolutionGuid = {98F7644E-FD61-47F3-AB5D-563F05B611C4}
	EndGlobalSection
EndGlobal
