<?xml version="1.0" encoding="utf-8"?>
<Project ToolsVersion="4.0" xmlns="http://schemas.microsoft.com/developer/msbuild/2003">
  <ItemGroup>
    <Filter Include="Исходные файлы">
      <UniqueIdentifier>{4FC737F1-C7A5-4376-A066-2A32D752A2FF}</UniqueIdentifier>
      <Extensions>cpp;c;cc;cxx;def;odl;idl;hpj;bat;asm;asmx</Extensions>
    </Filter>
    <Filter Include="Файлы заголовков">
      <UniqueIdentifier>{93995380-89BD-4b04-88EB-625FBE52EBFB}</UniqueIdentifier>
      <Extensions>h;hh;hpp;hxx;hm;inl;inc;ipp;xsd</Extensions>
    </Filter>
    <Filter Include="Файлы ресурсов">
      <UniqueIdentifier>{67DA6AB6-F800-4c08-8B7A-83BB121AAD01}</UniqueIdentifier>
      <Extensions>rc;ico;cur;bmp;dlg;rc2;rct;bin;rgs;gif;jpg;jpeg;jpe;resx;tiff;tif;png;wav;mfcribbon-ms</Extensions>
    </Filter>
  </ItemGroup>
  <ItemGroup>
    <ClInclude Include="stdafx.h">
      <Filter>Файлы заголовков</Filter>
    </ClInclude>
    <ClInclude Include="targetver.h">
      <Filter>Файлы заголовков</Filter>
    </ClInclude>
    <ClInclude Include="Resource.h">
      <Filter>Файлы заголовков</Filter>
    </ClInclude>
    <ClInclude Include="zxDisAsm.h">
      <Filter>Файлы заголовков</Filter>
    </ClInclude>
    <ClInclude Include="Z80.h">
      <Filter>Файлы заголовков</Filter>
    </ClInclude>
    <ClInclude Include="zxDebugger.h">
      <Filter>Файлы заголовков</Filter>
    </ClInclude>
    <ClInclude Include="zxKeyboard.h">
      <Filter>Файлы заголовков</Filter>
    </ClInclude>
    <ClInclude Include="zxWnd.h">
      <Filter>Файлы заголовков</Filter>
    </ClInclude>
    <ClInclude Include="zxDlgAddBp.h">
      <Filter>Файлы заголовков</Filter>
    </ClInclude>
    <ClInclude Include="zxDlgListBps.h">
      <Filter>Файлы заголовков</Filter>
    </ClInclude>
    <ClInclude Include="zxListBox.h">
      <Filter>Файлы заголовков</Filter>
    </ClInclude>
    <ClInclude Include="zxDlgSettings.h">
      <Filter>Файлы заголовков</Filter>
    </ClInclude>
    <ClInclude Include="zxMsgMap.h">
      <Filter>Файлы заголовков</Filter>
    </ClInclude>
    <ClInclude Include="zxAssembler.h">
      <Filter>Файлы заголовков</Filter>
    </ClInclude>
    <ClInclude Include="zxGamePad.h">
      <Filter>Файлы заголовков</Filter>
    </ClInclude>
    <ClInclude Include="zxFrame.h">
      <Filter>Файлы заголовков</Filter>
    </ClInclude>
    <ClInclude Include="zxBus.h">
      <Filter>Файлы заголовков</Filter>
    </ClInclude>
    <ClInclude Include="zxGPU.h">
      <Filter>Файлы заголовков</Filter>
    </ClInclude>
    <ClInclude Include="zxCPU.h">
      <Filter>Файлы заголовков</Filter>
    </ClInclude>
    <ClInclude Include="zxSND.h">
      <Filter>Файлы заголовков</Filter>
    </ClInclude>
    <ClInclude Include="zxSettings.h">
      <Filter>Файлы заголовков</Filter>
    </ClInclude>
    <ClInclude Include="zxString.h">
      <Filter>Файлы заголовков</Filter>
    </ClInclude>
    <ClInclude Include="zxBlipBuffer.h">
      <Filter>Файлы заголовков</Filter>
    </ClInclude>
  </ItemGroup>
  <ItemGroup>
    <ClCompile Include="stdafx.cpp">
      <Filter>Исходные файлы</Filter>
    </ClCompile>
    <ClCompile Include="Z80.cpp">
      <Filter>Исходные файлы</Filter>
    </ClCompile>
    <ClCompile Include="zxDisAsm.cpp">
      <Filter>Исходные файлы</Filter>
    </ClCompile>
    <ClCompile Include="zxDebugger.cpp">
      <Filter>Исходные файлы</Filter>
    </ClCompile>
    <ClCompile Include="zxKeyboard.cpp">
      <Filter>Исходные файлы</Filter>
    </ClCompile>
    <ClCompile Include="zxWnd.cpp">
      <Filter>Исходные файлы</Filter>
    </ClCompile>
    <ClCompile Include="zxDlgAddBp.cpp">
      <Filter>Исходные файлы</Filter>
    </ClCompile>
    <ClCompile Include="zxDlgListBps.cpp">
      <Filter>Исходные файлы</Filter>
    </ClCompile>
    <ClCompile Include="zxListBox.cpp">
      <Filter>Исходные файлы</Filter>
    </ClCompile>
    <ClCompile Include="zxDlgSettings.cpp">
      <Filter>Исходные файлы</Filter>
    </ClCompile>
    <ClCompile Include="zxAssembler.cpp">
      <Filter>Исходные файлы</Filter>
    </ClCompile>
    <ClCompile Include="zxGamePad.cpp">
      <Filter>Исходные файлы</Filter>
    </ClCompile>
    <ClCompile Include="zxFrame.cpp">
      <Filter>Исходные файлы</Filter>
    </ClCompile>
    <ClCompile Include="zxGPU.cpp">
      <Filter>Исходные файлы</Filter>
    </ClCompile>
    <ClCompile Include="zxBus.cpp">
      <Filter>Исходные файлы</Filter>
    </ClCompile>
    <ClCompile Include="zxCPU.cpp">
      <Filter>Исходные файлы</Filter>
    </ClCompile>
    <ClCompile Include="zxCpuCBXX.cpp">
      <Filter>Исходные файлы</Filter>
    </ClCompile>
    <ClCompile Include="zxCpuED01.cpp">
      <Filter>Исходные файлы</Filter>
    </ClCompile>
    <ClCompile Include="zxCpuED10.cpp">
      <Filter>Исходные файлы</Filter>
    </ClCompile>
    <ClCompile Include="zxCpuNN00.cpp">
      <Filter>Исходные файлы</Filter>
    </ClCompile>
    <ClCompile Include="zxCpuNN11.cpp">
      <Filter>Исходные файлы</Filter>
    </ClCompile>
    <ClCompile Include="zxSND.cpp">
      <Filter>Исходные файлы</Filter>
    </ClCompile>
    <ClCompile Include="zxSettings.cpp">
      <Filter>Исходные файлы</Filter>
    </ClCompile>
    <ClCompile Include="zxString.cpp">
      <Filter>Исходные файлы</Filter>
    </ClCompile>
    <ClCompile Include="zxBlipBuffer.cpp">
      <Filter>Исходные файлы</Filter>
    </ClCompile>
  </ItemGroup>
  <ItemGroup>
    <ResourceCompile Include="ZxEmuWnd.rc">
      <Filter>Файлы ресурсов</Filter>
    </ResourceCompile>
  </ItemGroup>
  <ItemGroup>
    <Image Include="small.ico">
      <Filter>Файлы ресурсов</Filter>
    </Image>
    <Image Include="ZxEmuWnd.ico">
      <Filter>Файлы ресурсов</Filter>
    </Image>
    <Image Include="toolbar_common.bmp">
      <Filter>Файлы ресурсов</Filter>
    </Image>
    <Image Include="toolbar_debugger.bmp">
      <Filter>Файлы ресурсов</Filter>
    </Image>
  </ItemGroup>
  <ItemGroup>
    <Text Include="plan.txt">
      <Filter>Файлы ресурсов</Filter>
    </Text>
  </ItemGroup>
  <ItemGroup>
    <MASM Include="asm_ssh_common.asm">
      <Filter>Исходные файлы</Filter>
    </MASM>
    <MASM Include="asm_ssh_zx_cpu.asm">
      <Filter>Исходные файлы</Filter>
    </MASM>
  </ItemGroup>
  <ItemGroup>
    <Manifest Include="ZxEmuWnd.exe.manifest" />
  </ItemGroup>
</Project>